
Microsoft Visual Studio Solution File, Format Version 12.00
# Visual Studio Version 17
VisualStudioVersion = 17.1.32210.238
MinimumVisualStudioVersion = 10.0.40219.1
Project("{9A19103F-16F7-4668-BE54-9A1E7A4F7556}") = "ProiectMIP", "ProiectMIP.csproj", "{0BE5A13D-A5E8-4D4E-B1A5-FC0287C759B7}"
EndProject
Project("{9A19103F-16F7-4668-BE54-9A1E7A4F7556}") = "ClassLibrary", "..\..\OneDrive\Documente\ClassLibrary\ClassLibrary.csproj", "{F40F8220-ADCE-413A-8A41-F353B5BA0493}"
EndProject
Global
	GlobalSection(SolutionConfigurationPlatforms) = preSolution
		Debug|Any CPU = Debug|Any CPU
		Release|Any CPU = Release|Any CPU
	EndGlobalSection
	GlobalSection(ProjectConfigurationPlatforms) = postSolution
		{0BE5A13D-A5E8-4D4E-B1A5-FC0287C759B7}.Debug|Any CPU.ActiveCfg = Debug|Any CPU
		{0BE5A13D-A5E8-4D4E-B1A5-FC0287C759B7}.Debug|Any CPU.Build.0 = Debug|Any CPU
		{0BE5A13D-A5E8-4D4E-B1A5-FC0287C759B7}.Release|Any CPU.ActiveCfg = Release|Any CPU
		{0BE5A13D-A5E8-4D4E-B1A5-FC0287C759B7}.Release|Any CPU.Build.0 = Release|Any CPU
		{F40F8220-ADCE-413A-8A41-F353B5BA0493}.Debug|Any CPU.ActiveCfg = Debug|Any CPU
		{F40F8220-ADCE-413A-8A41-F353B5BA0493}.Debug|Any CPU.Build.0 = Debug|Any CPU
		{F40F8220-ADCE-413A-8A41-F353B5BA0493}.Release|Any CPU.ActiveCfg = Release|Any CPU
		{F40F8220-ADCE-413A-8A41-F353B5BA0493}.Release|Any CPU.Build.0 = Release|Any CPU
	EndGlobalSection
	GlobalSection(SolutionProperties) = preSolution
		HideSolutionNode = FALSE
	EndGlobalSection
	GlobalSection(ExtensibilityGlobals) = postSolution
		SolutionGuid = {0657F3E3-9A17-4280-AFFC-4C726A5780D7}
	EndGlobalSection
EndGlobal
